// !$*UTF8*$!
{
	archiveVersion = 1;
	classes = {
	};
	objectVersion = 50;
	objects = {

/* Begin PBXBuildFile section */
		D688DE3024D38A6200083FAB /* AppDelegate.swift in Sources */ = {isa = PBXBuildFile; fileRef = D688DE2F24D38A6200083FAB /* AppDelegate.swift */; };
		D688DE3424D38A6200083FAB /* RootViewController.swift in Sources */ = {isa = PBXBuildFile; fileRef = D688DE3324D38A6200083FAB /* RootViewController.swift */; };
		D688DE3724D38A6200083FAB /* Main.storyboard in Resources */ = {isa = PBXBuildFile; fileRef = D688DE3524D38A6200083FAB /* Main.storyboard */; };
		D688DE3924D38A6400083FAB /* Assets.xcassets in Resources */ = {isa = PBXBuildFile; fileRef = D688DE3824D38A6400083FAB /* Assets.xcassets */; };
		D688DE3C24D38A6400083FAB /* LaunchScreen.storyboard in Resources */ = {isa = PBXBuildFile; fileRef = D688DE3A24D38A6400083FAB /* LaunchScreen.storyboard */; };
		D688DE4624D38ABC00083FAB /* TappableView.swift in Sources */ = {isa = PBXBuildFile; fileRef = D688DE4324D38ABC00083FAB /* TappableView.swift */; };
		D688DE4724D38ABC00083FAB /* ModalViewController.swift in Sources */ = {isa = PBXBuildFile; fileRef = D688DE4424D38ABC00083FAB /* ModalViewController.swift */; };
		D688DE4824D38ABC00083FAB /* Animator.swift in Sources */ = {isa = PBXBuildFile; fileRef = D688DE4524D38ABC00083FAB /* Animator.swift */; };
		D688DE4A24D38AC700083FAB /* UIStoryboard+Extension.swift in Sources */ = {isa = PBXBuildFile; fileRef = D688DE4924D38AC700083FAB /* UIStoryboard+Extension.swift */; };
/* End PBXBuildFile section */

/* Begin PBXFileReference section */
		D688DE2C24D38A6200083FAB /* VAAnimation.app */ = {isa = PBXFileReference; explicitFileType = wrapper.application; includeInIndex = 0; path = VAAnimation.app; sourceTree = BUILT_PRODUCTS_DIR; };
		D688DE2F24D38A6200083FAB /* AppDelegate.swift */ = {isa = PBXFileReference; lastKnownFileType = sourcecode.swift; path = AppDelegate.swift; sourceTree = "<group>"; };
		D688DE3324D38A6200083FAB /* RootViewController.swift */ = {isa = PBXFileReference; lastKnownFileType = sourcecode.swift; path = RootViewController.swift; sourceTree = "<group>"; };
		D688DE3624D38A6200083FAB /* Base */ = {isa = PBXFileReference; lastKnownFileType = file.storyboard; name = Base; path = Base.lproj/Main.storyboard; sourceTree = "<group>"; };
		D688DE3824D38A6400083FAB /* Assets.xcassets */ = {isa = PBXFileReference; lastKnownFileType = folder.assetcatalog; path = Assets.xcassets; sourceTree = "<group>"; };
		D688DE3B24D38A6400083FAB /* Base */ = {isa = PBXFileReference; lastKnownFileType = file.storyboard; name = Base; path = Base.lproj/LaunchScreen.storyboard; sourceTree = "<group>"; };
		D688DE3D24D38A6400083FAB /* Info.plist */ = {isa = PBXFileReference; lastKnownFileType = text.plist.xml; path = Info.plist; sourceTree = "<group>"; };
		D688DE4324D38ABC00083FAB /* TappableView.swift */ = {isa = PBXFileReference; fileEncoding = 4; lastKnownFileType = sourcecode.swift; path = TappableView.swift; sourceTree = "<group>"; };
		D688DE4424D38ABC00083FAB /* ModalViewController.swift */ = {isa = PBXFileReference; fileEncoding = 4; lastKnownFileType = sourcecode.swift; path = ModalViewController.swift; sourceTree = "<group>"; };
		D688DE4524D38ABC00083FAB /* Animator.swift */ = {isa = PBXFileReference; fileEncoding = 4; lastKnownFileType = sourcecode.swift; path = Animator.swift; sourceTree = "<group>"; };
		D688DE4924D38AC700083FAB /* UIStoryboard+Extension.swift */ = {isa = PBXFileReference; fileEncoding = 4; lastKnownFileType = sourcecode.swift; path = "UIStoryboard+Extension.swift"; sourceTree = "<group>"; };
/* End PBXFileReference section */

/* Begin PBXFrameworksBuildPhase section */
		D688DE2924D38A6200083FAB /* Frameworks */ = {
			isa = PBXFrameworksBuildPhase;
			buildActionMask = 2147483647;
			files = (
			);
			runOnlyForDeploymentPostprocessing = 0;
		};
/* End PBXFrameworksBuildPhase section */

/* Begin PBXGroup section */
		D688DE2324D38A6200083FAB = {
			isa = PBXGroup;
			children = (
				D688DE2E24D38A6200083FAB /* VAAnimation */,
				D688DE2D24D38A6200083FAB /* Products */,
			);
			sourceTree = "<group>";
		};
		D688DE2D24D38A6200083FAB /* Products */ = {
			isa = PBXGroup;
			children = (
				D688DE2C24D38A6200083FAB /* VAAnimation.app */,
			);
			name = Products;
			sourceTree = "<group>";
		};
		D688DE2E24D38A6200083FAB /* VAAnimation */ = {
			isa = PBXGroup;
			children = (
				D688DE2F24D38A6200083FAB /* AppDelegate.swift */,
				D688DE3324D38A6200083FAB /* RootViewController.swift */,
				D688DE4524D38ABC00083FAB /* Animator.swift */,
				D688DE4424D38ABC00083FAB /* ModalViewController.swift */,
				D688DE4324D38ABC00083FAB /* TappableView.swift */,
				D688DE4924D38AC700083FAB /* UIStoryboard+Extension.swift */,
				D688DE3524D38A6200083FAB /* Main.storyboard */,
				D688DE3824D38A6400083FAB /* Assets.xcassets */,
				D688DE3A24D38A6400083FAB /* LaunchScreen.storyboard */,
				D688DE3D24D38A6400083FAB /* Info.plist */,
			);
			path = VAAnimation;
			sourceTree = "<group>";
		};
/* End PBXGroup section */

/* Begin PBXNativeTarget section */
		D688DE2B24D38A6200083FAB /* VAAnimation */ = {
			isa = PBXNativeTarget;
			buildConfigurationList = D688DE4024D38A6400083FAB /* Build configuration list for PBXNativeTarget "VAAnimation" */;
			buildPhases = (
				D688DE2824D38A6200083FAB /* Sources */,
				D688DE2924D38A6200083FAB /* Frameworks */,
				D688DE2A24D38A6200083FAB /* Resources */,
			);
			buildRules = (
			);
			dependencies = (
			);
			name = VAAnimation;
			productName = VAAnimation;
			productReference = D688DE2C24D38A6200083FAB /* VAAnimation.app */;
			productType = "com.apple.product-type.application";
		};
/* End PBXNativeTarget section */

/* Begin PBXProject section */
		D688DE2424D38A6200083FAB /* Project object */ = {
			isa = PBXProject;
			attributes = {
				LastSwiftUpdateCheck = 1200;
				LastUpgradeCheck = 1200;
				TargetAttributes = {
					D688DE2B24D38A6200083FAB = {
						CreatedOnToolsVersion = 12.0;
					};
				};
			};
			buildConfigurationList = D688DE2724D38A6200083FAB /* Build configuration list for PBXProject "VAAnimation" */;
			compatibilityVersion = "Xcode 9.3";
			developmentRegion = en;
			hasScannedForEncodings = 0;
			knownRegions = (
				en,
				Base,
			);
			mainGroup = D688DE2324D38A6200083FAB;
			productRefGroup = D688DE2D24D38A6200083FAB /* Products */;
			projectDirPath = "";
			projectRoot = "";
			targets = (
				D688DE2B24D38A6200083FAB /* VAAnimation */,
			);
		};
/* End PBXProject section */

/* Begin PBXResourcesBuildPhase section */
		D688DE2A24D38A6200083FAB /* Resources */ = {
			isa = PBXResourcesBuildPhase;
			buildActionMask = 2147483647;
			files = (
				D688DE3C24D38A6400083FAB /* LaunchScreen.storyboard in Resources */,
				D688DE3924D38A6400083FAB /* Assets.xcassets in Resources */,
				D688DE3724D38A6200083FAB /* Main.storyboard in Resources */,
			);
			runOnlyForDeploymentPostprocessing = 0;
		};
/* End PBXResourcesBuildPhase section */

/* Begin PBXSourcesBuildPhase section */
		D688DE2824D38A6200083FAB /* Sources */ = {
			isa = PBXSourcesBuildPhase;
			buildActionMask = 2147483647;
			files = (
				D688DE4824D38ABC00083FAB /* Animator.swift in Sources */,
				D688DE4724D38ABC00083FAB /* ModalViewController.swift in Sources */,
				D688DE4A24D38AC700083FAB /* UIStoryboard+Extension.swift in Sources */,
				D688DE3424D38A6200083FAB /* RootViewController.swift in Sources */,
				D688DE3024D38A6200083FAB /* AppDelegate.swift in Sources */,
				D688DE4624D38ABC00083FAB /* TappableView.swift in Sources */,
			);
			runOnlyForDeploymentPostprocessing = 0;
		};
/* End PBXSourcesBuildPhase section */

/* Begin PBXVariantGroup section */
		D688DE3524D38A6200083FAB /* Main.storyboard */ = {
			isa = PBXVariantGroup;
			children = (
				D688DE3624D38A6200083FAB /* Base */,
			);
			name = Main.storyboard;
			sourceTree = "<group>";
		};
		D688DE3A24D38A6400083FAB /* LaunchScreen.storyboard */ = {
			isa = PBXVariantGroup;
			children = (
				D688DE3B24D38A6400083FAB /* Base */,
			);
			name = LaunchScreen.storyboard;
			sourceTree = "<group>";
		};
/* End PBXVariantGroup section */

/* Begin XCBuildConfiguration section */
		D688DE3E24D38A6400083FAB /* Debug */ = {
			isa = XCBuildConfiguration;
			buildSettings = {
				ALWAYS_SEARCH_USER_PATHS = NO;
				CLANG_ANALYZER_NONNULL = YES;
				CLANG_ANALYZER_NUMBER_OBJECT_CONVERSION = YES_AGGRESSIVE;
				CLANG_CXX_LANGUAGE_STANDARD = "gnu++14";
				CLANG_CXX_LIBRARY = "libc++";
				CLANG_ENABLE_MODULES = YES;
				CLANG_ENABLE_OBJC_ARC = YES;
				CLANG_ENABLE_OBJC_WEAK = YES;
				CLANG_WARN_BLOCK_CAPTURE_AUTORELEASING = YES;
				CLANG_WARN_BOOL_CONVERSION = YES;
				CLANG_WARN_COMMA = YES;
				CLANG_WARN_CONSTANT_CONVERSION = YES;
				CLANG_WARN_DEPRECATED_OBJC_IMPLEMENTATIONS = YES;
				CLANG_WARN_DIRECT_OBJC_ISA_USAGE = YES_ERROR;
				CLANG_WARN_DOCUMENTATION_COMMENTS = YES;
				CLANG_WARN_EMPTY_BODY = YES;
				CLANG_WARN_ENUM_CONVERSION = YES;
				CLANG_WARN_INFINITE_RECURSION = YES;
				CLANG_WARN_INT_CONVERSION = YES;
				CLANG_WARN_NON_LITERAL_NULL_CONVERSION = YES;
				CLANG_WARN_OBJC_IMPLICIT_RETAIN_SELF = YES;
				CLANG_WARN_OBJC_LITERAL_CONVERSION = YES;
				CLANG_WARN_OBJC_ROOT_CLASS = YES_ERROR;
				CLANG_WARN_QUOTED_INCLUDE_IN_FRAMEWORK_HEADER = YES;
				CLANG_WARN_RANGE_LOOP_ANALYSIS = YES;
				CLANG_WARN_STRICT_PROTOTYPES = YES;
				CLANG_WARN_SUSPICIOUS_MOVE = YES;
				CLANG_WARN_UNGUARDED_AVAILABILITY = YES_AGGRESSIVE;
				CLANG_WARN_UNREACHABLE_CODE = YES;
				CLANG_WARN__DUPLICATE_METHOD_MATCH = YES;
				COPY_PHASE_STRIP = NO;
				DEBUG_INFORMATION_FORMAT = dwarf;
				ENABLE_STRICT_OBJC_MSGSEND = YES;
				ENABLE_TESTABILITY = YES;
				GCC_C_LANGUAGE_STANDARD = gnu11;
				GCC_DYNAMIC_NO_PIC = NO;
				GCC_NO_COMMON_BLOCKS = YES;
				GCC_OPTIMIZATION_LEVEL = 0;
				GCC_PREPROCESSOR_DEFINITIONS = (
					"DEBUG=1",
					"$(inherited)",
				);
				GCC_WARN_64_TO_32_BIT_CONVERSION = YES;
				GCC_WARN_ABOUT_RETURN_TYPE = YES_ERROR;
				GCC_WARN_UNDECLARED_SELECTOR = YES;
				GCC_WARN_UNINITIALIZED_AUTOS = YES_AGGRESSIVE;
				GCC_WARN_UNUSED_FUNCTION = YES;
				GCC_WARN_UNUSED_VARIABLE = YES;
				IPHONEOS_DEPLOYMENT_TARGET = 14.0;
				MTL_ENABLE_DEBUG_INFO = INCLUDE_SOURCE;
				MTL_FAST_MATH = YES;
				ONLY_ACTIVE_ARCH = YES;
				SDKROOT = iphoneos;
				SWIFT_ACTIVE_COMPILATION_CONDITIONS = DEBUG;
				SWIFT_OPTIMIZATION_LEVEL = "-Onone";
			};
			name = Debug;
		};
		D688DE3F24D38A6400083FAB /* Release */ = {
			isa = XCBuildConfiguration;
			buildSettings = {
				ALWAYS_SEARCH_USER_PATHS = NO;
				CLANG_ANALYZER_NONNULL = YES;
				CLANG_ANALYZER_NUMBER_OBJECT_CONVERSION = YES_AGGRESSIVE;
				CLANG_CXX_LANGUAGE_STANDARD = "gnu++14";
				CLANG_CXX_LIBRARY = "libc++";
				CLANG_ENABLE_MODULES = YES;
				CLANG_ENABLE_OBJC_ARC = YES;
				CLANG_ENABLE_OBJC_WEAK = YES;
				CLANG_WARN_BLOCK_CAPTURE_AUTORELEASING = YES;
				CLANG_WARN_BOOL_CONVERSION = YES;
				CLANG_WARN_COMMA = YES;
				CLANG_WARN_CONSTANT_CONVERSION = YES;
				CLANG_WARN_DEPRECATED_OBJC_IMPLEMENTATIONS = YES;
				CLANG_WARN_DIRECT_OBJC_ISA_USAGE = YES_ERROR;
				CLANG_WARN_DOCUMENTATION_COMMENTS = YES;
				CLANG_WARN_EMPTY_BODY = YES;
				CLANG_WARN_ENUM_CONVERSION = YES;
				CLANG_WARN_INFINITE_RECURSION = YES;
				CLANG_WARN_INT_CONVERSION = YES;
				CLANG_WARN_NON_LITERAL_NULL_CONVERSION = YES;
				CLANG_WARN_OBJC_IMPLICIT_RETAIN_SELF = YES;
				CLANG_WARN_OBJC_LITERAL_CONVERSION = YES;
				CLANG_WARN_OBJC_ROOT_CLASS = YES_ERROR;
				CLANG_WARN_QUOTED_INCLUDE_IN_FRAMEWORK_HEADER = YES;
				CLANG_WARN_RANGE_LOOP_ANALYSIS = YES;
				CLANG_WARN_STRICT_PROTOTYPES = YES;
				CLANG_WARN_SUSPICIOUS_MOVE = YES;
				CLANG_WARN_UNGUARDED_AVAILABILITY = YES_AGGRESSIVE;
				CLANG_WARN_UNREACHABLE_CODE = YES;
				CLANG_WARN__DUPLICATE_METHOD_MATCH = YES;
				COPY_PHASE_STRIP = NO;
				DEBUG_INFORMATION_FORMAT = "dwarf-with-dsym";
				ENABLE_NS_ASSERTIONS = NO;
				ENABLE_STRICT_OBJC_MSGSEND = YES;
				GCC_C_LANGUAGE_STANDARD = gnu11;
				GCC_NO_COMMON_BLOCKS = YES;
				GCC_WARN_64_TO_32_BIT_CONVERSION = YES;
				GCC_WARN_ABOUT_RETURN_TYPE = YES_ERROR;
				GCC_WARN_UNDECLARED_SELECTOR = YES;
				GCC_WARN_UNINITIALIZED_AUTOS = YES_AGGRESSIVE;
				GCC_WARN_UNUSED_FUNCTION = YES;
				GCC_WARN_UNUSED_VARIABLE = YES;
				IPHONEOS_DEPLOYMENT_TARGET = 14.0;
				MTL_ENABLE_DEBUG_INFO = NO;
				MTL_FAST_MATH = YES;
				SDKROOT = iphoneos;
				SWIFT_COMPILATION_MODE = wholemodule;
				SWIFT_OPTIMIZATION_LEVEL = "-O";
				VALIDATE_PRODUCT = YES;
			};
			name = Release;
		};
		D688DE4124D38A6400083FAB /* Debug */ = {
			isa = XCBuildConfiguration;
			buildSettings = {
				ASSETCATALOG_COMPILER_APPICON_NAME = AppIcon;
				ASSETCATALOG_COMPILER_GLOBAL_ACCENT_COLOR_NAME = AccentColor;
				CODE_SIGN_STYLE = Automatic;
				DEVELOPMENT_TEAM = B6LN4XWA2V;
				INFOPLIST_FILE = VAAnimation/Info.plist;
				LD_RUNPATH_SEARCH_PATHS = (
					"$(inherited)",
					"@executable_path/Frameworks",
				);
				PRODUCT_BUNDLE_IDENTIFIER = com.va.VAAnimation;
				PRODUCT_NAME = "$(TARGET_NAME)";
				SWIFT_VERSION = 5.0;
				TARGETED_DEVICE_FAMILY = "1,2";
			};
			name = Debug;
		};
		D688DE4224D38A6400083FAB /* Release */ = {
			isa = XCBuildConfiguration;
			buildSettings = {
				ASSETCATALOG_COMPILER_APPICON_NAME = AppIcon;
				ASSETCATALOG_COMPILER_GLOBAL_ACCENT_COLOR_NAME = AccentColor;
				CODE_SIGN_STYLE = Automatic;
				DEVELOPMENT_TEAM = B6LN4XWA2V;
				INFOPLIST_FILE = VAAnimation/Info.plist;
				LD_RUNPATH_SEARCH_PATHS = (
					"$(inherited)",
					"@executable_path/Frameworks",
				);
				PRODUCT_BUNDLE_IDENTIFIER = com.va.VAAnimation;
				PRODUCT_NAME = "$(TARGET_NAME)";
				SWIFT_VERSION = 5.0;
				TARGETED_DEVICE_FAMILY = "1,2";
			};
			name = Release;
		};
/* End XCBuildConfiguration section */

/* Begin XCConfigurationList section */
		D688DE2724D38A6200083FAB /* Build configuration list for PBXProject "VAAnimation" */ = {
			isa = XCConfigurationList;
			buildConfigurations = (
				D688DE3E24D38A6400083FAB /* Debug */,
				D688DE3F24D38A6400083FAB /* Release */,
			);
			defaultConfigurationIsVisible = 0;
			defaultConfigurationName = Release;
		};
		D688DE4024D38A6400083FAB /* Build configuration list for PBXNativeTarget "VAAnimation" */ = {
			isa = XCConfigurationList;
			buildConfigurations = (
				D688DE4124D38A6400083FAB /* Debug */,
				D688DE4224D38A6400083FAB /* Release */,
			);
			defaultConfigurationIsVisible = 0;
			defaultConfigurationName = Release;
		};
/* End XCConfigurationList section */
	};
	rootObject = D688DE2424D38A6200083FAB /* Project object */;
}
